PODS:
  - DynamicBlurView (4.1.0)
  - iOSSnapshotTestCase (6.2.0):
    - iOSSnapshotTestCase/SwiftSupport (= 6.2.0)
  - iOSSnapshotTestCase/Core (6.2.0)
  - iOSSnapshotTestCase/SwiftSupport (6.2.0):
    - iOSSnapshotTestCase/Core
  - Nimble (7.3.4)
  - PopupDialog (1.0.0):
    - DynamicBlurView (~> 4.0)
  - SwiftLint (0.39.2)

DEPENDENCIES:
  - iOSSnapshotTestCase (~> 6.2.0)
  - Nimble (~> 7.3.1)
  - PopupDialog (from `../`)
  - SwiftLint (~> 0.32)

SPEC REPOS:
  trunk:
    - DynamicBlurView
    - iOSSnapshotTestCase
    - Nimble
    - SwiftLint

EXTERNAL SOURCES:
  PopupDialog:
    :path: "../"

SPEC CHECKSUMS:
  DynamicBlurView: 58e18fae80bb614e34681a4486870e7d257b62e8
  iOSSnapshotTestCase: 9ab44cb5aa62b84d31847f40680112e15ec579a6
  Nimble: 051e3d8912d40138fa5591c78594f95fb172af37
  PopupDialog: 70e1233bf48498ef90d989b31a662b1b27657174
  SwiftLint: 22ccbbe3b8008684be5955693bab135e0ed6a447

PODFILE CHECKSUM: 3515b5068774c7d0cfaa73d9e38d9bde7e19f7ef

COCOAPODS: 1.9.1
